
Microsoft Visual Studio Solution File, Format Version 12.00
# Visual Studio 15
VisualStudioVersion = 15.0.26228.4
MinimumVisualStudioVersion = 10.0.40219.1
Project("{2150E333-8FDC-42A3-9474-1A3956D46DE8}") = ".nuget", ".nuget", "{EB639F66-2248-4C73-BA7A-9830307EFBE3}"
	ProjectSection(SolutionItems) = preProject
		.nuget\NuGet.Config = .nuget\NuGet.Config
		.nuget\NuGet.exe = .nuget\NuGet.exe
		.nuget\NuGet.targets = .nuget\NuGet.targets
	EndProjectSection
EndProject
Project("{FAE04EC0-301F-11D3-BF4B-00C04F79EFBC}") = "TOPLib.Util.DotNet.Debug", "TOPLib.Util.DotNet.Debug\TOPLib.Util.DotNet.Debug.csproj", "{B36578CC-680C-48D1-B297-19E06CD5AF06}"
EndProject
Project("{FAE04EC0-301F-11D3-BF4B-00C04F79EFBC}") = "TOPLib.Util.DotNet.Extensions", "TOPLib.Util.DotNet.Extensions\TOPLib.Util.DotNet.Extensions.csproj", "{89423067-3607-405F-A3FD-83ADF4828185}"
EndProject
Project("{FAE04EC0-301F-11D3-BF4B-00C04F79EFBC}") = "TOPLib.Util.DotNet.Dynamic", "TOPLib.Util.DotNet.Dynamic\TOPLib.Util.DotNet.Dynamic.csproj", "{F8319469-B5BE-4E7A-82E0-2295B2B9D83F}"
EndProject
Project("{FAE04EC0-301F-11D3-BF4B-00C04F79EFBC}") = "TOPLib.Util.DotNet.Persistence", "TOPLib.Util.DotNet.Persistence\TOPLib.Util.DotNet.Persistence.csproj", "{A48D2883-FE78-4A69-BBEB-C96AA154A314}"
EndProject
Global
	GlobalSection(SolutionConfigurationPlatforms) = preSolution
		Debug|Any CPU = Debug|Any CPU
		Release|Any CPU = Release|Any CPU
	EndGlobalSection
	GlobalSection(ProjectConfigurationPlatforms) = postSolution
		{B36578CC-680C-48D1-B297-19E06CD5AF06}.Debug|Any CPU.ActiveCfg = Debug|Any CPU
		{B36578CC-680C-48D1-B297-19E06CD5AF06}.Debug|Any CPU.Build.0 = Debug|Any CPU
		{B36578CC-680C-48D1-B297-19E06CD5AF06}.Release|Any CPU.ActiveCfg = Release|Any CPU
		{B36578CC-680C-48D1-B297-19E06CD5AF06}.Release|Any CPU.Build.0 = Release|Any CPU
		{89423067-3607-405F-A3FD-83ADF4828185}.Debug|Any CPU.ActiveCfg = Debug|Any CPU
		{89423067-3607-405F-A3FD-83ADF4828185}.Debug|Any CPU.Build.0 = Debug|Any CPU
		{89423067-3607-405F-A3FD-83ADF4828185}.Release|Any CPU.ActiveCfg = Release|Any CPU
		{89423067-3607-405F-A3FD-83ADF4828185}.Release|Any CPU.Build.0 = Release|Any CPU
		{F8319469-B5BE-4E7A-82E0-2295B2B9D83F}.Debug|Any CPU.ActiveCfg = Debug|Any CPU
		{F8319469-B5BE-4E7A-82E0-2295B2B9D83F}.Debug|Any CPU.Build.0 = Debug|Any CPU
		{F8319469-B5BE-4E7A-82E0-2295B2B9D83F}.Release|Any CPU.ActiveCfg = Release|Any CPU
		{F8319469-B5BE-4E7A-82E0-2295B2B9D83F}.Release|Any CPU.Build.0 = Release|Any CPU
		{A48D2883-FE78-4A69-BBEB-C96AA154A314}.Debug|Any CPU.ActiveCfg = Debug|Any CPU
		{A48D2883-FE78-4A69-BBEB-C96AA154A314}.Debug|Any CPU.Build.0 = Debug|Any CPU
		{A48D2883-FE78-4A69-BBEB-C96AA154A314}.Release|Any CPU.ActiveCfg = Release|Any CPU
		{A48D2883-FE78-4A69-BBEB-C96AA154A314}.Release|Any CPU.Build.0 = Release|Any CPU
	EndGlobalSection
	GlobalSection(SolutionProperties) = preSolution
		HideSolutionNode = FALSE
	EndGlobalSection
EndGlobal
